
Microsoft Visual Studio Solution File, Format Version 12.00
# Visual Studio Version 17
VisualStudioVersion = 17.5.33530.505
MinimumVisualStudioVersion = 10.0.40219.1
Project("{FAE04EC0-301F-11D3-BF4B-00C04F79EFBC}") = "netmvc", "netmvc.csproj", "{6E8B111B-8A97-4476-870C-97237C20629A}"
EndProject
Project("{FAE04EC0-301F-11D3-BF4B-00C04F79EFBC}") = "netmvc.Tests", "..\netmvc.Tests\netmvc.Tests.csproj", "{9CB7435E-793D-4F8C-B750-C40D250A6308}"
EndProject
Global
	GlobalSection(SolutionConfigurationPlatforms) = preSolution
		Debug|Any CPU = Debug|Any CPU
		Release|Any CPU = Release|Any CPU
	EndGlobalSection
	GlobalSection(ProjectConfigurationPlatforms) = postSolution
		{6E8B111B-8A97-4476-870C-97237C20629A}.Debug|Any CPU.ActiveCfg = Debug|Any CPU
		{6E8B111B-8A97-4476-870C-97237C20629A}.Debug|Any CPU.Build.0 = Debug|Any CPU
		{6E8B111B-8A97-4476-870C-97237C20629A}.Release|Any CPU.ActiveCfg = Release|Any CPU
		{6E8B111B-8A97-4476-870C-97237C20629A}.Release|Any CPU.Build.0 = Release|Any CPU
		{9CB7435E-793D-4F8C-B750-C40D250A6308}.Debug|Any CPU.ActiveCfg = Debug|Any CPU
		{9CB7435E-793D-4F8C-B750-C40D250A6308}.Debug|Any CPU.Build.0 = Debug|Any CPU
		{9CB7435E-793D-4F8C-B750-C40D250A6308}.Release|Any CPU.ActiveCfg = Release|Any CPU
		{9CB7435E-793D-4F8C-B750-C40D250A6308}.Release|Any CPU.Build.0 = Release|Any CPU
	EndGlobalSection
	GlobalSection(SolutionProperties) = preSolution
		HideSolutionNode = FALSE
	EndGlobalSection
	GlobalSection(ExtensibilityGlobals) = postSolution
		SolutionGuid = {D2AC1CF2-2271-4058-B899-57A813866DAA}
	EndGlobalSection
EndGlobal
